
Microsoft Visual Studio Solution File, Format Version 12.00
Project("{FAE04EC0-301F-11D3-BF4B-00C04F79EFBC}") = "Wcs.Random", "Wcs.Random\Wcs.Random.csproj", "{5479E6CF-171C-4D06-BB07-EB3FF12E65C2}"
EndProject
Project("{FAE04EC0-301F-11D3-BF4B-00C04F79EFBC}") = "Wcs.Random.Test", "Wcs.Random.Test\Wcs.Random.Test.csproj", "{D2B786C6-62D4-445D-8708-DA3B96DCE118}"
EndProject
Global
	GlobalSection(SolutionConfigurationPlatforms) = preSolution
		Debug|Any CPU = Debug|Any CPU
		Release|Any CPU = Release|Any CPU
	EndGlobalSection
	GlobalSection(ProjectConfigurationPlatforms) = postSolution
		{5479E6CF-171C-4D06-BB07-EB3FF12E65C2}.Debug|Any CPU.ActiveCfg = Debug|Any CPU
		{5479E6CF-171C-4D06-BB07-EB3FF12E65C2}.Debug|Any CPU.Build.0 = Debug|Any CPU
		{5479E6CF-171C-4D06-BB07-EB3FF12E65C2}.Release|Any CPU.ActiveCfg = Release|Any CPU
		{5479E6CF-171C-4D06-BB07-EB3FF12E65C2}.Release|Any CPU.Build.0 = Release|Any CPU
		{D2B786C6-62D4-445D-8708-DA3B96DCE118}.Debug|Any CPU.ActiveCfg = Debug|Any CPU
		{D2B786C6-62D4-445D-8708-DA3B96DCE118}.Debug|Any CPU.Build.0 = Debug|Any CPU
		{D2B786C6-62D4-445D-8708-DA3B96DCE118}.Release|Any CPU.ActiveCfg = Release|Any CPU
		{D2B786C6-62D4-445D-8708-DA3B96DCE118}.Release|Any CPU.Build.0 = Release|Any CPU
	EndGlobalSection
EndGlobal
